// !$*UTF8*$!
{
	archiveVersion = 1;
	classes = {
	};
	objectVersion = 50;
	objects = {

/* Begin PBXBuildFile section */
		E73B2ECC221D545B00506F76 /* FullNewsViewController.swift in Sources */ = {isa = PBXBuildFile; fileRef = E73B2ECB221D545B00506F76 /* FullNewsViewController.swift */; };
		E75789A02211AAB7003D85AA /* NewsTableViewCell.swift in Sources */ = {isa = PBXBuildFile; fileRef = E757899F2211AAB7003D85AA /* NewsTableViewCell.swift */; };
		E75789A22211ACC3003D85AA /* NewsTableViewController.swift in Sources */ = {isa = PBXBuildFile; fileRef = E75789A12211ACC3003D85AA /* NewsTableViewController.swift */; };
		E758E2082212C31800775AC9 /* NewsStorage.swift in Sources */ = {isa = PBXBuildFile; fileRef = E758E2072212C31800775AC9 /* NewsStorage.swift */; };
		E758E20A2213DDCB00775AC9 /* SubscriptionsTableViewController.swift in Sources */ = {isa = PBXBuildFile; fileRef = E758E2092213DDCB00775AC9 /* SubscriptionsTableViewController.swift */; };
		E758E20C2213DE5E00775AC9 /* SubscriptionTableViewCell.swift in Sources */ = {isa = PBXBuildFile; fileRef = E758E20B2213DE5E00775AC9 /* SubscriptionTableViewCell.swift */; };
		E758E20E2213E0E500775AC9 /* SubscriptionsDataProvider.swift in Sources */ = {isa = PBXBuildFile; fileRef = E758E20D2213E0E500775AC9 /* SubscriptionsDataProvider.swift */; };
		E758E2122213E6F200775AC9 /* userData.swift in Sources */ = {isa = PBXBuildFile; fileRef = E758E2112213E6F200775AC9 /* userData.swift */; };
		E776CA2E220D5E0F004694EB /* AppDelegate.swift in Sources */ = {isa = PBXBuildFile; fileRef = E776CA2D220D5E0F004694EB /* AppDelegate.swift */; };
		E776CA33220D5E0F004694EB /* Main.storyboard in Resources */ = {isa = PBXBuildFile; fileRef = E776CA31220D5E0F004694EB /* Main.storyboard */; };
		E776CA35220D5E12004694EB /* Assets.xcassets in Resources */ = {isa = PBXBuildFile; fileRef = E776CA34220D5E12004694EB /* Assets.xcassets */; };
		E776CA38220D5E12004694EB /* LaunchScreen.storyboard in Resources */ = {isa = PBXBuildFile; fileRef = E776CA36220D5E12004694EB /* LaunchScreen.storyboard */; };
		E7AAEFD75B3B33FF4FB83AA7 /* Pods_rssReader.framework in Frameworks */ = {isa = PBXBuildFile; fileRef = DE5508F8B9BF934C4F7B7F49 /* Pods_rssReader.framework */; };
		E7BB2F08221987E80005605C /* NewsDataProvider.swift in Sources */ = {isa = PBXBuildFile; fileRef = E7BB2F07221987E80005605C /* NewsDataProvider.swift */; };
/* End PBXBuildFile section */

/* Begin PBXFileReference section */
		15F0810D73DBC6602AF7BA9A /* Pods-rssReader.debug.xcconfig */ = {isa = PBXFileReference; includeInIndex = 1; lastKnownFileType = text.xcconfig; name = "Pods-rssReader.debug.xcconfig"; path = "Target Support Files/Pods-rssReader/Pods-rssReader.debug.xcconfig"; sourceTree = "<group>"; };
		6EF006E0CCDC1D036510CC0F /* Pods-rssReader.release.xcconfig */ = {isa = PBXFileReference; includeInIndex = 1; lastKnownFileType = text.xcconfig; name = "Pods-rssReader.release.xcconfig"; path = "Target Support Files/Pods-rssReader/Pods-rssReader.release.xcconfig"; sourceTree = "<group>"; };
		DE5508F8B9BF934C4F7B7F49 /* Pods_rssReader.framework */ = {isa = PBXFileReference; explicitFileType = wrapper.framework; includeInIndex = 0; path = Pods_rssReader.framework; sourceTree = BUILT_PRODUCTS_DIR; };
		E73B2ECB221D545B00506F76 /* FullNewsViewController.swift */ = {isa = PBXFileReference; lastKnownFileType = sourcecode.swift; path = FullNewsViewController.swift; sourceTree = "<group>"; };
		E757899F2211AAB7003D85AA /* NewsTableViewCell.swift */ = {isa = PBXFileReference; lastKnownFileType = sourcecode.swift; path = NewsTableViewCell.swift; sourceTree = "<group>"; };
		E75789A12211ACC3003D85AA /* NewsTableViewController.swift */ = {isa = PBXFileReference; lastKnownFileType = sourcecode.swift; path = NewsTableViewController.swift; sourceTree = "<group>"; };
		E758E2072212C31800775AC9 /* NewsStorage.swift */ = {isa = PBXFileReference; lastKnownFileType = sourcecode.swift; path = NewsStorage.swift; sourceTree = "<group>"; };
		E758E2092213DDCB00775AC9 /* SubscriptionsTableViewController.swift */ = {isa = PBXFileReference; lastKnownFileType = sourcecode.swift; path = SubscriptionsTableViewController.swift; sourceTree = "<group>"; };
		E758E20B2213DE5E00775AC9 /* SubscriptionTableViewCell.swift */ = {isa = PBXFileReference; lastKnownFileType = sourcecode.swift; path = SubscriptionTableViewCell.swift; sourceTree = "<group>"; };
		E758E20D2213E0E500775AC9 /* SubscriptionsDataProvider.swift */ = {isa = PBXFileReference; lastKnownFileType = sourcecode.swift; path = SubscriptionsDataProvider.swift; sourceTree = "<group>"; };
		E758E2112213E6F200775AC9 /* userData.swift */ = {isa = PBXFileReference; lastKnownFileType = sourcecode.swift; path = userData.swift; sourceTree = "<group>"; };
		E776CA2A220D5E0F004694EB /* rssReader.app */ = {isa = PBXFileReference; explicitFileType = wrapper.application; includeInIndex = 0; path = rssReader.app; sourceTree = BUILT_PRODUCTS_DIR; };
		E776CA2D220D5E0F004694EB /* AppDelegate.swift */ = {isa = PBXFileReference; lastKnownFileType = sourcecode.swift; path = AppDelegate.swift; sourceTree = "<group>"; };
		E776CA32220D5E0F004694EB /* Base */ = {isa = PBXFileReference; lastKnownFileType = file.storyboard; name = Base; path = Base.lproj/Main.storyboard; sourceTree = "<group>"; };
		E776CA34220D5E12004694EB /* Assets.xcassets */ = {isa = PBXFileReference; lastKnownFileType = folder.assetcatalog; path = Assets.xcassets; sourceTree = "<group>"; };
		E776CA37220D5E12004694EB /* Base */ = {isa = PBXFileReference; lastKnownFileType = file.storyboard; name = Base; path = Base.lproj/LaunchScreen.storyboard; sourceTree = "<group>"; };
		E776CA39220D5E12004694EB /* Info.plist */ = {isa = PBXFileReference; lastKnownFileType = text.plist.xml; path = Info.plist; sourceTree = "<group>"; };
		E7BB2F07221987E80005605C /* NewsDataProvider.swift */ = {isa = PBXFileReference; lastKnownFileType = sourcecode.swift; path = NewsDataProvider.swift; sourceTree = "<group>"; };
/* End PBXFileReference section */

/* Begin PBXFrameworksBuildPhase section */
		E776CA27220D5E0F004694EB /* Frameworks */ = {
			isa = PBXFrameworksBuildPhase;
			buildActionMask = 2147483647;
			files = (
				E7AAEFD75B3B33FF4FB83AA7 /* Pods_rssReader.framework in Frameworks */,
			);
			runOnlyForDeploymentPostprocessing = 0;
		};
/* End PBXFrameworksBuildPhase section */

/* Begin PBXGroup section */
		0DC3C1740994CF8F923C291B /* Frameworks */ = {
			isa = PBXGroup;
			children = (
				DE5508F8B9BF934C4F7B7F49 /* Pods_rssReader.framework */,
			);
			name = Frameworks;
			sourceTree = "<group>";
		};
		B09DE3B2BC66ED485F1C36AD /* Pods */ = {
			isa = PBXGroup;
			children = (
				15F0810D73DBC6602AF7BA9A /* Pods-rssReader.debug.xcconfig */,
				6EF006E0CCDC1D036510CC0F /* Pods-rssReader.release.xcconfig */,
			);
			path = Pods;
			sourceTree = "<group>";
		};
		E776CA21220D5E0F004694EB = {
			isa = PBXGroup;
			children = (
				E776CA2C220D5E0F004694EB /* rssReader */,
				E776CA2B220D5E0F004694EB /* Products */,
				B09DE3B2BC66ED485F1C36AD /* Pods */,
				0DC3C1740994CF8F923C291B /* Frameworks */,
			);
			sourceTree = "<group>";
		};
		E776CA2B220D5E0F004694EB /* Products */ = {
			isa = PBXGroup;
			children = (
				E776CA2A220D5E0F004694EB /* rssReader.app */,
			);
			name = Products;
			sourceTree = "<group>";
		};
		E776CA2C220D5E0F004694EB /* rssReader */ = {
			isa = PBXGroup;
			children = (
				E776CA2D220D5E0F004694EB /* AppDelegate.swift */,
				E776CA31220D5E0F004694EB /* Main.storyboard */,
				E776CA34220D5E12004694EB /* Assets.xcassets */,
				E776CA36220D5E12004694EB /* LaunchScreen.storyboard */,
				E776CA39220D5E12004694EB /* Info.plist */,
				E757899F2211AAB7003D85AA /* NewsTableViewCell.swift */,
				E75789A12211ACC3003D85AA /* NewsTableViewController.swift */,
				E758E2072212C31800775AC9 /* NewsStorage.swift */,
				E758E2092213DDCB00775AC9 /* SubscriptionsTableViewController.swift */,
				E758E20B2213DE5E00775AC9 /* SubscriptionTableViewCell.swift */,
				E758E20D2213E0E500775AC9 /* SubscriptionsDataProvider.swift */,
				E758E2112213E6F200775AC9 /* userData.swift */,
				E7BB2F07221987E80005605C /* NewsDataProvider.swift */,
				E73B2ECB221D545B00506F76 /* FullNewsViewController.swift */,
			);
			path = rssReader;
			sourceTree = "<group>";
		};
/* End PBXGroup section */

/* Begin PBXNativeTarget section */
		E776CA29220D5E0F004694EB /* rssReader */ = {
			isa = PBXNativeTarget;
			buildConfigurationList = E776CA3C220D5E12004694EB /* Build configuration list for PBXNativeTarget "rssReader" */;
			buildPhases = (
				BFF692157B71DF56B805AC82 /* [CP] Check Pods Manifest.lock */,
				E776CA26220D5E0F004694EB /* Sources */,
				E776CA27220D5E0F004694EB /* Frameworks */,
				E776CA28220D5E0F004694EB /* Resources */,
				EBF33587851F18D8406FDB6A /* [CP] Embed Pods Frameworks */,
			);
			buildRules = (
			);
			dependencies = (
			);
			name = rssReader;
			productName = rssReader;
			productReference = E776CA2A220D5E0F004694EB /* rssReader.app */;
			productType = "com.apple.product-type.application";
		};
/* End PBXNativeTarget section */

/* Begin PBXProject section */
		E776CA22220D5E0F004694EB /* Project object */ = {
			isa = PBXProject;
			attributes = {
				LastSwiftUpdateCheck = 1010;
				LastUpgradeCheck = 1010;
				ORGANIZATIONNAME = Seva;
				TargetAttributes = {
					E776CA29220D5E0F004694EB = {
						CreatedOnToolsVersion = 10.1;
					};
				};
			};
			buildConfigurationList = E776CA25220D5E0F004694EB /* Build configuration list for PBXProject "rssReader" */;
			compatibilityVersion = "Xcode 9.3";
			developmentRegion = en;
			hasScannedForEncodings = 0;
			knownRegions = (
				en,
				Base,
			);
			mainGroup = E776CA21220D5E0F004694EB;
			productRefGroup = E776CA2B220D5E0F004694EB /* Products */;
			projectDirPath = "";
			projectRoot = "";
			targets = (
				E776CA29220D5E0F004694EB /* rssReader */,
			);
		};
/* End PBXProject section */

/* Begin PBXResourcesBuildPhase section */
		E776CA28220D5E0F004694EB /* Resources */ = {
			isa = PBXResourcesBuildPhase;
			buildActionMask = 2147483647;
			files = (
				E776CA38220D5E12004694EB /* LaunchScreen.storyboard in Resources */,
				E776CA35220D5E12004694EB /* Assets.xcassets in Resources */,
				E776CA33220D5E0F004694EB /* Main.storyboard in Resources */,
			);
			runOnlyForDeploymentPostprocessing = 0;
		};
/* End PBXResourcesBuildPhase section */

/* Begin PBXShellScriptBuildPhase section */
		BFF692157B71DF56B805AC82 /* [CP] Check Pods Manifest.lock */ = {
			isa = PBXShellScriptBuildPhase;
			buildActionMask = 2147483647;
			files = (
			);
			inputFileListPaths = (
			);
			inputPaths = (
				"${PODS_PODFILE_DIR_PATH}/Podfile.lock",
				"${PODS_ROOT}/Manifest.lock",
			);
			name = "[CP] Check Pods Manifest.lock";
			outputFileListPaths = (
			);
			outputPaths = (
				"$(DERIVED_FILE_DIR)/Pods-rssReader-checkManifestLockResult.txt",
			);
			runOnlyForDeploymentPostprocessing = 0;
			shellPath = /bin/sh;
			shellScript = "diff \"${PODS_PODFILE_DIR_PATH}/Podfile.lock\" \"${PODS_ROOT}/Manifest.lock\" > /dev/null\nif [ $? != 0 ] ; then\n    # print error to STDERR\n    echo \"error: The sandbox is not in sync with the Podfile.lock. Run 'pod install' or update your CocoaPods installation.\" >&2\n    exit 1\nfi\n# This output is used by Xcode 'outputs' to avoid re-running this script phase.\necho \"SUCCESS\" > \"${SCRIPT_OUTPUT_FILE_0}\"\n";
			showEnvVarsInLog = 0;
		};
		EBF33587851F18D8406FDB6A /* [CP] Embed Pods Frameworks */ = {
			isa = PBXShellScriptBuildPhase;
			buildActionMask = 2147483647;
			files = (
			);
			inputFileListPaths = (
			);
			inputPaths = (
				"${PODS_ROOT}/Target Support Files/Pods-rssReader/Pods-rssReader-frameworks.sh",
				"${BUILT_PRODUCTS_DIR}/RxAtomic/RxAtomic.framework",
				"${BUILT_PRODUCTS_DIR}/RxSwift/RxSwift.framework",
			);
			name = "[CP] Embed Pods Frameworks";
			outputFileListPaths = (
			);
			outputPaths = (
				"${TARGET_BUILD_DIR}/${FRAMEWORKS_FOLDER_PATH}/RxAtomic.framework",
				"${TARGET_BUILD_DIR}/${FRAMEWORKS_FOLDER_PATH}/RxSwift.framework",
			);
			runOnlyForDeploymentPostprocessing = 0;
			shellPath = /bin/sh;
			shellScript = "\"${PODS_ROOT}/Target Support Files/Pods-rssReader/Pods-rssReader-frameworks.sh\"\n";
			showEnvVarsInLog = 0;
		};
/* End PBXShellScriptBuildPhase section */

/* Begin PBXSourcesBuildPhase section */
		E776CA26220D5E0F004694EB /* Sources */ = {
			isa = PBXSourcesBuildPhase;
			buildActionMask = 2147483647;
			files = (
				E758E20A2213DDCB00775AC9 /* SubscriptionsTableViewController.swift in Sources */,
				E75789A02211AAB7003D85AA /* NewsTableViewCell.swift in Sources */,
				E758E20C2213DE5E00775AC9 /* SubscriptionTableViewCell.swift in Sources */,
				E776CA2E220D5E0F004694EB /* AppDelegate.swift in Sources */,
				E758E2082212C31800775AC9 /* NewsStorage.swift in Sources */,
				E75789A22211ACC3003D85AA /* NewsTableViewController.swift in Sources */,
				E73B2ECC221D545B00506F76 /* FullNewsViewController.swift in Sources */,
				E7BB2F08221987E80005605C /* NewsDataProvider.swift in Sources */,
				E758E2122213E6F200775AC9 /* userData.swift in Sources */,
				E758E20E2213E0E500775AC9 /* SubscriptionsDataProvider.swift in Sources */,
			);
			runOnlyForDeploymentPostprocessing = 0;
		};
/* End PBXSourcesBuildPhase section */

/* Begin PBXVariantGroup section */
		E776CA31220D5E0F004694EB /* Main.storyboard */ = {
			isa = PBXVariantGroup;
			children = (
				E776CA32220D5E0F004694EB /* Base */,
			);
			name = Main.storyboard;
			sourceTree = "<group>";
		};
		E776CA36220D5E12004694EB /* LaunchScreen.storyboard */ = {
			isa = PBXVariantGroup;
			children = (
				E776CA37220D5E12004694EB /* Base */,
			);
			name = LaunchScreen.storyboard;
			sourceTree = "<group>";
		};
/* End PBXVariantGroup section */

/* Begin XCBuildConfiguration section */
		E776CA3A220D5E12004694EB /* Debug */ = {
			isa = XCBuildConfiguration;
			buildSettings = {
				ALWAYS_SEARCH_USER_PATHS = NO;
				CLANG_ANALYZER_NONNULL = YES;
				CLANG_ANALYZER_NUMBER_OBJECT_CONVERSION = YES_AGGRESSIVE;
				CLANG_CXX_LANGUAGE_STANDARD = "gnu++14";
				CLANG_CXX_LIBRARY = "libc++";
				CLANG_ENABLE_MODULES = YES;
				CLANG_ENABLE_OBJC_ARC = YES;
				CLANG_ENABLE_OBJC_WEAK = YES;
				CLANG_WARN_BLOCK_CAPTURE_AUTORELEASING = YES;
				CLANG_WARN_BOOL_CONVERSION = YES;
				CLANG_WARN_COMMA = YES;
				CLANG_WARN_CONSTANT_CONVERSION = YES;
				CLANG_WARN_DEPRECATED_OBJC_IMPLEMENTATIONS = YES;
				CLANG_WARN_DIRECT_OBJC_ISA_USAGE = YES_ERROR;
				CLANG_WARN_DOCUMENTATION_COMMENTS = YES;
				CLANG_WARN_EMPTY_BODY = YES;
				CLANG_WARN_ENUM_CONVERSION = YES;
				CLANG_WARN_INFINITE_RECURSION = YES;
				CLANG_WARN_INT_CONVERSION = YES;
				CLANG_WARN_NON_LITERAL_NULL_CONVERSION = YES;
				CLANG_WARN_OBJC_IMPLICIT_RETAIN_SELF = YES;
				CLANG_WARN_OBJC_LITERAL_CONVERSION = YES;
				CLANG_WARN_OBJC_ROOT_CLASS = YES_ERROR;
				CLANG_WARN_RANGE_LOOP_ANALYSIS = YES;
				CLANG_WARN_STRICT_PROTOTYPES = YES;
				CLANG_WARN_SUSPICIOUS_MOVE = YES;
				CLANG_WARN_UNGUARDED_AVAILABILITY = YES_AGGRESSIVE;
				CLANG_WARN_UNREACHABLE_CODE = YES;
				CLANG_WARN__DUPLICATE_METHOD_MATCH = YES;
				CODE_SIGN_IDENTITY = "iPhone Developer";
				COPY_PHASE_STRIP = NO;
				DEBUG_INFORMATION_FORMAT = dwarf;
				ENABLE_STRICT_OBJC_MSGSEND = YES;
				ENABLE_TESTABILITY = YES;
				GCC_C_LANGUAGE_STANDARD = gnu11;
				GCC_DYNAMIC_NO_PIC = NO;
				GCC_NO_COMMON_BLOCKS = YES;
				GCC_OPTIMIZATION_LEVEL = 0;
				GCC_PREPROCESSOR_DEFINITIONS = (
					"DEBUG=1",
					"$(inherited)",
				);
				GCC_WARN_64_TO_32_BIT_CONVERSION = YES;
				GCC_WARN_ABOUT_RETURN_TYPE = YES_ERROR;
				GCC_WARN_UNDECLARED_SELECTOR = YES;
				GCC_WARN_UNINITIALIZED_AUTOS = YES_AGGRESSIVE;
				GCC_WARN_UNUSED_FUNCTION = YES;
				GCC_WARN_UNUSED_VARIABLE = YES;
				IPHONEOS_DEPLOYMENT_TARGET = 12.1;
				MTL_ENABLE_DEBUG_INFO = INCLUDE_SOURCE;
				MTL_FAST_MATH = YES;
				ONLY_ACTIVE_ARCH = YES;
				SDKROOT = iphoneos;
				SWIFT_ACTIVE_COMPILATION_CONDITIONS = DEBUG;
				SWIFT_OPTIMIZATION_LEVEL = "-Onone";
			};
			name = Debug;
		};
		E776CA3B220D5E12004694EB /* Release */ = {
			isa = XCBuildConfiguration;
			buildSettings = {
				ALWAYS_SEARCH_USER_PATHS = NO;
				CLANG_ANALYZER_NONNULL = YES;
				CLANG_ANALYZER_NUMBER_OBJECT_CONVERSION = YES_AGGRESSIVE;
				CLANG_CXX_LANGUAGE_STANDARD = "gnu++14";
				CLANG_CXX_LIBRARY = "libc++";
				CLANG_ENABLE_MODULES = YES;
				CLANG_ENABLE_OBJC_ARC = YES;
				CLANG_ENABLE_OBJC_WEAK = YES;
				CLANG_WARN_BLOCK_CAPTURE_AUTORELEASING = YES;
				CLANG_WARN_BOOL_CONVERSION = YES;
				CLANG_WARN_COMMA = YES;
				CLANG_WARN_CONSTANT_CONVERSION = YES;
				CLANG_WARN_DEPRECATED_OBJC_IMPLEMENTATIONS = YES;
				CLANG_WARN_DIRECT_OBJC_ISA_USAGE = YES_ERROR;
				CLANG_WARN_DOCUMENTATION_COMMENTS = YES;
				CLANG_WARN_EMPTY_BODY = YES;
				CLANG_WARN_ENUM_CONVERSION = YES;
				CLANG_WARN_INFINITE_RECURSION = YES;
				CLANG_WARN_INT_CONVERSION = YES;
				CLANG_WARN_NON_LITERAL_NULL_CONVERSION = YES;
				CLANG_WARN_OBJC_IMPLICIT_RETAIN_SELF = YES;
				CLANG_WARN_OBJC_LITERAL_CONVERSION = YES;
				CLANG_WARN_OBJC_ROOT_CLASS = YES_ERROR;
				CLANG_WARN_RANGE_LOOP_ANALYSIS = YES;
				CLANG_WARN_STRICT_PROTOTYPES = YES;
				CLANG_WARN_SUSPICIOUS_MOVE = YES;
				CLANG_WARN_UNGUARDED_AVAILABILITY = YES_AGGRESSIVE;
				CLANG_WARN_UNREACHABLE_CODE = YES;
				CLANG_WARN__DUPLICATE_METHOD_MATCH = YES;
				CODE_SIGN_IDENTITY = "iPhone Developer";
				COPY_PHASE_STRIP = NO;
				DEBUG_INFORMATION_FORMAT = "dwarf-with-dsym";
				ENABLE_NS_ASSERTIONS = NO;
				ENABLE_STRICT_OBJC_MSGSEND = YES;
				GCC_C_LANGUAGE_STANDARD = gnu11;
				GCC_NO_COMMON_BLOCKS = YES;
				GCC_WARN_64_TO_32_BIT_CONVERSION = YES;
				GCC_WARN_ABOUT_RETURN_TYPE = YES_ERROR;
				GCC_WARN_UNDECLARED_SELECTOR = YES;
				GCC_WARN_UNINITIALIZED_AUTOS = YES_AGGRESSIVE;
				GCC_WARN_UNUSED_FUNCTION = YES;
				GCC_WARN_UNUSED_VARIABLE = YES;
				IPHONEOS_DEPLOYMENT_TARGET = 12.1;
				MTL_ENABLE_DEBUG_INFO = NO;
				MTL_FAST_MATH = YES;
				SDKROOT = iphoneos;
				SWIFT_COMPILATION_MODE = wholemodule;
				SWIFT_OPTIMIZATION_LEVEL = "-O";
				VALIDATE_PRODUCT = YES;
			};
			name = Release;
		};
		E776CA3D220D5E12004694EB /* Debug */ = {
			isa = XCBuildConfiguration;
			baseConfigurationReference = 15F0810D73DBC6602AF7BA9A /* Pods-rssReader.debug.xcconfig */;
			buildSettings = {
				ASSETCATALOG_COMPILER_APPICON_NAME = AppIcon;
				CODE_SIGN_STYLE = Automatic;
				INFOPLIST_FILE = rssReader/Info.plist;
				IPHONEOS_DEPLOYMENT_TARGET = 10.0;
				LD_RUNPATH_SEARCH_PATHS = (
					"$(inherited)",
					"@executable_path/Frameworks",
				);
				PRODUCT_BUNDLE_IDENTIFIER = any.rssReader;
				PRODUCT_NAME = "$(TARGET_NAME)";
				SWIFT_VERSION = 4.2;
				TARGETED_DEVICE_FAMILY = "1,2";
			};
			name = Debug;
		};
		E776CA3E220D5E12004694EB /* Release */ = {
			isa = XCBuildConfiguration;
			baseConfigurationReference = 6EF006E0CCDC1D036510CC0F /* Pods-rssReader.release.xcconfig */;
			buildSettings = {
				ASSETCATALOG_COMPILER_APPICON_NAME = AppIcon;
				CODE_SIGN_STYLE = Automatic;
				INFOPLIST_FILE = rssReader/Info.plist;
				IPHONEOS_DEPLOYMENT_TARGET = 10.0;
				LD_RUNPATH_SEARCH_PATHS = (
					"$(inherited)",
					"@executable_path/Frameworks",
				);
				PRODUCT_BUNDLE_IDENTIFIER = any.rssReader;
				PRODUCT_NAME = "$(TARGET_NAME)";
				SWIFT_VERSION = 4.2;
				TARGETED_DEVICE_FAMILY = "1,2";
			};
			name = Release;
		};
/* End XCBuildConfiguration section */

/* Begin XCConfigurationList section */
		E776CA25220D5E0F004694EB /* Build configuration list for PBXProject "rssReader" */ = {
			isa = XCConfigurationList;
			buildConfigurations = (
				E776CA3A220D5E12004694EB /* Debug */,
				E776CA3B220D5E12004694EB /* Release */,
			);
			defaultConfigurationIsVisible = 0;
			defaultConfigurationName = Release;
		};
		E776CA3C220D5E12004694EB /* Build configuration list for PBXNativeTarget "rssReader" */ = {
			isa = XCConfigurationList;
			buildConfigurations = (
				E776CA3D220D5E12004694EB /* Debug */,
				E776CA3E220D5E12004694EB /* Release */,
			);
			defaultConfigurationIsVisible = 0;
			defaultConfigurationName = Release;
		};
/* End XCConfigurationList section */
	};
	rootObject = E776CA22220D5E0F004694EB /* Project object */;
}
